// !$*UTF8*$!
{
	archiveVersion = 1;
	classes = {
	};
	objectVersion = 45;
	objects = {

/* Begin PBXBuildFile section */
		1D3623260D0F684500981E51 /* LostPassAppDelegate.mm in Sources */ = {isa = PBXBuildFile; fileRef = 1D3623250D0F684500981E51 /* LostPassAppDelegate.mm */; };
		1D60589B0D05DD56006BFB54 /* main.mm in Sources */ = {isa = PBXBuildFile; fileRef = 29B97316FDCFA39411CA2CEA /* main.mm */; };
		1D60589F0D05DD5A006BFB54 /* Foundation.framework in Frameworks */ = {isa = PBXBuildFile; fileRef = 1D30AB110D05D00D00671497 /* Foundation.framework */; };
		1DF5F4E00D08C38300B7A737 /* UIKit.framework in Frameworks */ = {isa = PBXBuildFile; fileRef = 1DF5F4DF0D08C38300B7A737 /* UIKit.framework */; };
		2892E4100DC94CBA00A64D0F /* CoreGraphics.framework in Frameworks */ = {isa = PBXBuildFile; fileRef = 2892E40F0DC94CBA00A64D0F /* CoreGraphics.framework */; };
		28AD73600D9D9599002E5188 /* MainWindow.xib in Resources */ = {isa = PBXBuildFile; fileRef = 28AD735F0D9D9599002E5188 /* MainWindow.xib */; };
		28C286E10D94DF7D0034E888 /* RootViewController.mm in Sources */ = {isa = PBXBuildFile; fileRef = 28C286E00D94DF7D0034E888 /* RootViewController.mm */; };
		28F335F11007B36200424DE2 /* RootViewController.xib in Resources */ = {isa = PBXBuildFile; fileRef = 28F335F01007B36200424DE2 /* RootViewController.xib */; };
		603B255D154F28700016B0F6 /* UnlockViewController.mm in Sources */ = {isa = PBXBuildFile; fileRef = 603B255B154F28700016B0F6 /* UnlockViewController.mm */; };
		603B255E154F28700016B0F6 /* UnlockViewController.xib in Resources */ = {isa = PBXBuildFile; fileRef = 603B255C154F28700016B0F6 /* UnlockViewController.xib */; };
		603B2583155005100016B0F6 /* unlock-background.png in Resources */ = {isa = PBXBuildFile; fileRef = 603B2581155005100016B0F6 /* unlock-background.png */; };
		603B2584155005100016B0F6 /* unlock-background@2x.png in Resources */ = {isa = PBXBuildFile; fileRef = 603B2582155005100016B0F6 /* unlock-background@2x.png */; };
		603B2595155008E40016B0F6 /* star.png in Resources */ = {isa = PBXBuildFile; fileRef = 603B2593155008E40016B0F6 /* star.png */; };
		603B2596155008E40016B0F6 /* star@2x.png in Resources */ = {isa = PBXBuildFile; fileRef = 603B2594155008E40016B0F6 /* star@2x.png */; };
		603B263815501CB40016B0F6 /* AudioToolbox.framework in Frameworks */ = {isa = PBXBuildFile; fileRef = 603B263715501CB40016B0F6 /* AudioToolbox.framework */; };
		6085ECBD1530D3B800912BE4 /* LastPassParser.cpp in Sources */ = {isa = PBXBuildFile; fileRef = 6085ECBC1530D3B800912BE4 /* LastPassParser.cpp */; };
		6085ECF11530D6DD00912BE4 /* account.dump in Resources */ = {isa = PBXBuildFile; fileRef = 6085ECF01530D6DD00912BE4 /* account.dump */; };
		6085ED6B1530E8BA00912BE4 /* libcrypto.a in Frameworks */ = {isa = PBXBuildFile; fileRef = 6085ED6A1530E8BA00912BE4 /* libcrypto.a */; };
		6085EDDA153119EE00912BE4 /* credentials.txt in Resources */ = {isa = PBXBuildFile; fileRef = 6085EDD9153119EE00912BE4 /* credentials.txt */; };
		6085EFA4153251A900912BE4 /* AccountViewController.mm in Sources */ = {isa = PBXBuildFile; fileRef = 6085EFA2153251A900912BE4 /* AccountViewController.mm */; };
		6085EFA5153251A900912BE4 /* AccountViewController.xib in Resources */ = {isa = PBXBuildFile; fileRef = 6085EFA3153251A900912BE4 /* AccountViewController.xib */; };
		6085F19E1536401900912BE4 /* libcurl.a in Frameworks */ = {isa = PBXBuildFile; fileRef = 6085F19D1536401900912BE4 /* libcurl.a */; };
		6085F1A31536403200912BE4 /* libssl.a in Frameworks */ = {isa = PBXBuildFile; fileRef = 6085F1A21536403200912BE4 /* libssl.a */; };
		6085F1A91536406400912BE4 /* libz.dylib in Frameworks */ = {isa = PBXBuildFile; fileRef = 6085F1A81536406400912BE4 /* libz.dylib */; };
		6085F28D1537761F00912BE4 /* LastPassProxy.mm in Sources */ = {isa = PBXBuildFile; fileRef = 6085F28C1537761F00912BE4 /* LastPassProxy.mm */; };
		6085F2D615377D6200912BE4 /* lastpass.js in Resources */ = {isa = PBXBuildFile; fileRef = 6085F2BF1537797D00912BE4 /* lastpass.js */; };
		60903BAF15471E76003E742C /* LoginViewController.mm in Sources */ = {isa = PBXBuildFile; fileRef = 60903BAD15471E76003E742C /* LoginViewController.mm */; };
		60903BB015471E76003E742C /* LoginViewController.xib in Resources */ = {isa = PBXBuildFile; fileRef = 60903BAE15471E76003E742C /* LoginViewController.xib */; };
		60903BCE15472778003E742C /* login-background.png in Resources */ = {isa = PBXBuildFile; fileRef = 60903BCD15472778003E742C /* login-background.png */; };
		60903CBC154747B8003E742C /* login-background@2x.png in Resources */ = {isa = PBXBuildFile; fileRef = 60903CBB154747B8003E742C /* login-background@2x.png */; };
		60903D1115475F59003E742C /* icon@2x.png in Resources */ = {isa = PBXBuildFile; fileRef = 60903D1015475F59003E742C /* icon@2x.png */; };
		60903D1315475F98003E742C /* icon.png in Resources */ = {isa = PBXBuildFile; fileRef = 60903D1215475F98003E742C /* icon.png */; };
		60903EC9154C886E003E742C /* key.txt in Resources */ = {isa = PBXBuildFile; fileRef = 60903EC8154C886E003E742C /* key.txt */; };
		60903F40154D50C5003E742C /* Settings.mm in Sources */ = {isa = PBXBuildFile; fileRef = 60903F3F154D50C5003E742C /* Settings.mm */; };
		60903F96154D79A0003E742C /* copy.png in Resources */ = {isa = PBXBuildFile; fileRef = 60903F94154D79A0003E742C /* copy.png */; };
		60903F97154D79A0003E742C /* copy@2x.png in Resources */ = {isa = PBXBuildFile; fileRef = 60903F95154D79A0003E742C /* copy@2x.png */; };
/* End PBXBuildFile section */

/* Begin PBXFileReference section */
		1D30AB110D05D00D00671497 /* Foundation.framework */ = {isa = PBXFileReference; lastKnownFileType = wrapper.framework; name = Foundation.framework; path = System/Library/Frameworks/Foundation.framework; sourceTree = SDKROOT; };
		1D3623240D0F684500981E51 /* LostPassAppDelegate.h */ = {isa = PBXFileReference; fileEncoding = 4; lastKnownFileType = sourcecode.c.h; path = LostPassAppDelegate.h; sourceTree = "<group>"; };
		1D3623250D0F684500981E51 /* LostPassAppDelegate.mm */ = {isa = PBXFileReference; fileEncoding = 4; lastKnownFileType = sourcecode.cpp.objcpp; path = LostPassAppDelegate.mm; sourceTree = "<group>"; };
		1D6058910D05DD3D006BFB54 /* LostPass.app */ = {isa = PBXFileReference; explicitFileType = wrapper.application; includeInIndex = 0; path = LostPass.app; sourceTree = BUILT_PRODUCTS_DIR; };
		1DF5F4DF0D08C38300B7A737 /* UIKit.framework */ = {isa = PBXFileReference; lastKnownFileType = wrapper.framework; name = UIKit.framework; path = System/Library/Frameworks/UIKit.framework; sourceTree = SDKROOT; };
		2892E40F0DC94CBA00A64D0F /* CoreGraphics.framework */ = {isa = PBXFileReference; lastKnownFileType = wrapper.framework; name = CoreGraphics.framework; path = System/Library/Frameworks/CoreGraphics.framework; sourceTree = SDKROOT; };
		28A0AAE50D9B0CCF005BE974 /* LostPass_Prefix.pch */ = {isa = PBXFileReference; fileEncoding = 4; lastKnownFileType = sourcecode.c.h; path = LostPass_Prefix.pch; sourceTree = "<group>"; };
		28AD735F0D9D9599002E5188 /* MainWindow.xib */ = {isa = PBXFileReference; lastKnownFileType = file.xib; path = MainWindow.xib; sourceTree = "<group>"; };
		28C286DF0D94DF7D0034E888 /* RootViewController.h */ = {isa = PBXFileReference; fileEncoding = 4; lastKnownFileType = sourcecode.c.h; path = RootViewController.h; sourceTree = "<group>"; };
		28C286E00D94DF7D0034E888 /* RootViewController.mm */ = {isa = PBXFileReference; fileEncoding = 4; lastKnownFileType = sourcecode.cpp.objcpp; path = RootViewController.mm; sourceTree = "<group>"; };
		28F335F01007B36200424DE2 /* RootViewController.xib */ = {isa = PBXFileReference; lastKnownFileType = file.xib; path = RootViewController.xib; sourceTree = "<group>"; };
		29B97316FDCFA39411CA2CEA /* main.mm */ = {isa = PBXFileReference; fileEncoding = 4; lastKnownFileType = sourcecode.cpp.objcpp; path = main.mm; sourceTree = "<group>"; };
		603B255A154F28700016B0F6 /* UnlockViewController.h */ = {isa = PBXFileReference; fileEncoding = 4; lastKnownFileType = sourcecode.c.h; path = UnlockViewController.h; sourceTree = "<group>"; };
		603B255B154F28700016B0F6 /* UnlockViewController.mm */ = {isa = PBXFileReference; fileEncoding = 4; lastKnownFileType = sourcecode.cpp.objcpp; path = UnlockViewController.mm; sourceTree = "<group>"; };
		603B255C154F28700016B0F6 /* UnlockViewController.xib */ = {isa = PBXFileReference; lastKnownFileType = file.xib; path = UnlockViewController.xib; sourceTree = "<group>"; };
		603B2581155005100016B0F6 /* unlock-background.png */ = {isa = PBXFileReference; lastKnownFileType = image.png; path = "unlock-background.png"; sourceTree = "<group>"; };
		603B2582155005100016B0F6 /* unlock-background@2x.png */ = {isa = PBXFileReference; lastKnownFileType = image.png; path = "unlock-background@2x.png"; sourceTree = "<group>"; };
		603B2593155008E40016B0F6 /* star.png */ = {isa = PBXFileReference; lastKnownFileType = image.png; path = star.png; sourceTree = "<group>"; };
		603B2594155008E40016B0F6 /* star@2x.png */ = {isa = PBXFileReference; lastKnownFileType = image.png; path = "star@2x.png"; sourceTree = "<group>"; };
		603B263715501CB40016B0F6 /* AudioToolbox.framework */ = {isa = PBXFileReference; lastKnownFileType = wrapper.framework; name = AudioToolbox.framework; path = System/Library/Frameworks/AudioToolbox.framework; sourceTree = SDKROOT; };
		6085ECBB1530D3B800912BE4 /* LastPassParser.h */ = {isa = PBXFileReference; fileEncoding = 4; lastKnownFileType = sourcecode.c.h; name = LastPassParser.h; path = LastPass/LastPassParser.h; sourceTree = "<group>"; };
		6085ECBC1530D3B800912BE4 /* LastPassParser.cpp */ = {isa = PBXFileReference; fileEncoding = 4; lastKnownFileType = sourcecode.cpp.cpp; name = LastPassParser.cpp; path = LastPass/LastPassParser.cpp; sourceTree = "<group>"; };
		6085ECF01530D6DD00912BE4 /* account.dump */ = {isa = PBXFileReference; fileEncoding = 4; lastKnownFileType = text; path = account.dump; sourceTree = "<group>"; };
		6085ED6A1530E8BA00912BE4 /* libcrypto.a */ = {isa = PBXFileReference; lastKnownFileType = archive.ar; name = libcrypto.a; path = "cURL-SSL-for-iOS/OpenSSL/libcrypto.a"; sourceTree = "<group>"; };
		6085EDD9153119EE00912BE4 /* credentials.txt */ = {isa = PBXFileReference; fileEncoding = 4; lastKnownFileType = text; path = credentials.txt; sourceTree = "<group>"; };
		6085EFA1153251A900912BE4 /* AccountViewController.h */ = {isa = PBXFileReference; fileEncoding = 4; lastKnownFileType = sourcecode.c.h; path = AccountViewController.h; sourceTree = "<group>"; };
		6085EFA2153251A900912BE4 /* AccountViewController.mm */ = {isa = PBXFileReference; fileEncoding = 4; lastKnownFileType = sourcecode.cpp.objcpp; path = AccountViewController.mm; sourceTree = "<group>"; };
		6085EFA3153251A900912BE4 /* AccountViewController.xib */ = {isa = PBXFileReference; lastKnownFileType = file.xib; path = AccountViewController.xib; sourceTree = "<group>"; };
		6085F19D1536401900912BE4 /* libcurl.a */ = {isa = PBXFileReference; lastKnownFileType = archive.ar; name = libcurl.a; path = "cURL-SSL-for-iOS/cURL/libcurl.a"; sourceTree = "<group>"; };
		6085F1A21536403200912BE4 /* libssl.a */ = {isa = PBXFileReference; lastKnownFileType = archive.ar; name = libssl.a; path = "cURL-SSL-for-iOS/OpenSSL/libssl.a"; sourceTree = "<group>"; };
		6085F1A81536406400912BE4 /* libz.dylib */ = {isa = PBXFileReference; lastKnownFileType = "compiled.mach-o.dylib"; name = libz.dylib; path = usr/lib/libz.dylib; sourceTree = SDKROOT; };
		6085F28B1537761F00912BE4 /* LastPassProxy.h */ = {isa = PBXFileReference; fileEncoding = 4; lastKnownFileType = sourcecode.c.h; path = LastPassProxy.h; sourceTree = "<group>"; };
		6085F28C1537761F00912BE4 /* LastPassProxy.mm */ = {isa = PBXFileReference; fileEncoding = 4; lastKnownFileType = sourcecode.cpp.objcpp; path = LastPassProxy.mm; sourceTree = "<group>"; };
		6085F2BF1537797D00912BE4 /* lastpass.js */ = {isa = PBXFileReference; fileEncoding = 4; lastKnownFileType = sourcecode.javascript; path = lastpass.js; sourceTree = "<group>"; };
		60903BAC15471E76003E742C /* LoginViewController.h */ = {isa = PBXFileReference; fileEncoding = 4; lastKnownFileType = sourcecode.c.h; path = LoginViewController.h; sourceTree = "<group>"; };
		60903BAD15471E76003E742C /* LoginViewController.mm */ = {isa = PBXFileReference; fileEncoding = 4; lastKnownFileType = sourcecode.cpp.objcpp; path = LoginViewController.mm; sourceTree = "<group>"; };
		60903BAE15471E76003E742C /* LoginViewController.xib */ = {isa = PBXFileReference; lastKnownFileType = file.xib; path = LoginViewController.xib; sourceTree = "<group>"; };
		60903BCD15472778003E742C /* login-background.png */ = {isa = PBXFileReference; lastKnownFileType = image.png; path = "login-background.png"; sourceTree = "<group>"; };
		60903CBB154747B8003E742C /* login-background@2x.png */ = {isa = PBXFileReference; lastKnownFileType = image.png; path = "login-background@2x.png"; sourceTree = "<group>"; };
		60903D1015475F59003E742C /* icon@2x.png */ = {isa = PBXFileReference; lastKnownFileType = image.png; path = "icon@2x.png"; sourceTree = "<group>"; };
		60903D1215475F98003E742C /* icon.png */ = {isa = PBXFileReference; lastKnownFileType = image.png; path = icon.png; sourceTree = "<group>"; };
		60903EC8154C886E003E742C /* key.txt */ = {isa = PBXFileReference; fileEncoding = 4; lastKnownFileType = text; path = key.txt; sourceTree = "<group>"; };
		60903F3E154D50C5003E742C /* Settings.h */ = {isa = PBXFileReference; fileEncoding = 4; lastKnownFileType = sourcecode.c.h; path = Settings.h; sourceTree = "<group>"; };
		60903F3F154D50C5003E742C /* Settings.mm */ = {isa = PBXFileReference; fileEncoding = 4; lastKnownFileType = sourcecode.cpp.objcpp; path = Settings.mm; sourceTree = "<group>"; };
		60903F94154D79A0003E742C /* copy.png */ = {isa = PBXFileReference; lastKnownFileType = image.png; path = copy.png; sourceTree = "<group>"; };
		60903F95154D79A0003E742C /* copy@2x.png */ = {isa = PBXFileReference; lastKnownFileType = image.png; path = "copy@2x.png"; sourceTree = "<group>"; };
		8D1107310486CEB800E47090 /* LostPass-Info.plist */ = {isa = PBXFileReference; fileEncoding = 4; lastKnownFileType = text.plist.xml; path = "LostPass-Info.plist"; plistStructureDefinitionIdentifier = "com.apple.xcode.plist.structure-definition.iphone.info-plist"; sourceTree = "<group>"; };
/* End PBXFileReference section */

/* Begin PBXFrameworksBuildPhase section */
		1D60588F0D05DD3D006BFB54 /* Frameworks */ = {
			isa = PBXFrameworksBuildPhase;
			buildActionMask = 2147483647;
			files = (
				1D60589F0D05DD5A006BFB54 /* Foundation.framework in Frameworks */,
				1DF5F4E00D08C38300B7A737 /* UIKit.framework in Frameworks */,
				2892E4100DC94CBA00A64D0F /* CoreGraphics.framework in Frameworks */,
				6085ED6B1530E8BA00912BE4 /* libcrypto.a in Frameworks */,
				6085F19E1536401900912BE4 /* libcurl.a in Frameworks */,
				6085F1A31536403200912BE4 /* libssl.a in Frameworks */,
				6085F1A91536406400912BE4 /* libz.dylib in Frameworks */,
				603B263815501CB40016B0F6 /* AudioToolbox.framework in Frameworks */,
			);
			runOnlyForDeploymentPostprocessing = 0;
		};
/* End PBXFrameworksBuildPhase section */

/* Begin PBXGroup section */
		080E96DDFE201D6D7F000001 /* Classes */ = {
			isa = PBXGroup;
			children = (
				6085EFA1153251A900912BE4 /* AccountViewController.h */,
				6085EFA2153251A900912BE4 /* AccountViewController.mm */,
				6085F28B1537761F00912BE4 /* LastPassProxy.h */,
				6085F28C1537761F00912BE4 /* LastPassProxy.mm */,
				60903BAC15471E76003E742C /* LoginViewController.h */,
				60903BAD15471E76003E742C /* LoginViewController.mm */,
				1D3623240D0F684500981E51 /* LostPassAppDelegate.h */,
				1D3623250D0F684500981E51 /* LostPassAppDelegate.mm */,
				28C286DF0D94DF7D0034E888 /* RootViewController.h */,
				28C286E00D94DF7D0034E888 /* RootViewController.mm */,
				60903F3E154D50C5003E742C /* Settings.h */,
				60903F3F154D50C5003E742C /* Settings.mm */,
				603B255A154F28700016B0F6 /* UnlockViewController.h */,
				603B255B154F28700016B0F6 /* UnlockViewController.mm */,
			);
			path = Classes;
			sourceTree = "<group>";
		};
		19C28FACFE9D520D11CA2CBB /* Products */ = {
			isa = PBXGroup;
			children = (
				1D6058910D05DD3D006BFB54 /* LostPass.app */,
			);
			name = Products;
			sourceTree = "<group>";
		};
		29B97314FDCFA39411CA2CEA /* CustomTemplate */ = {
			isa = PBXGroup;
			children = (
				080E96DDFE201D6D7F000001 /* Classes */,
				60903DE9154A1789003E742C /* LastPass */,
				29B97315FDCFA39411CA2CEA /* Other Sources */,
				29B97317FDCFA39411CA2CEA /* Resources */,
				29B97323FDCFA39411CA2CEA /* Frameworks */,
				19C28FACFE9D520D11CA2CBB /* Products */,
			);
			name = CustomTemplate;
			sourceTree = "<group>";
		};
		29B97315FDCFA39411CA2CEA /* Other Sources */ = {
			isa = PBXGroup;
			children = (
				28A0AAE50D9B0CCF005BE974 /* LostPass_Prefix.pch */,
				29B97316FDCFA39411CA2CEA /* main.mm */,
			);
			name = "Other Sources";
			sourceTree = "<group>";
		};
		29B97317FDCFA39411CA2CEA /* Resources */ = {
			isa = PBXGroup;
			children = (
				6085ECF01530D6DD00912BE4 /* account.dump */,
				6085EFA3153251A900912BE4 /* AccountViewController.xib */,
				60903F94154D79A0003E742C /* copy.png */,
				60903F95154D79A0003E742C /* copy@2x.png */,
				6085EDD9153119EE00912BE4 /* credentials.txt */,
				60903D1215475F98003E742C /* icon.png */,
				60903D1015475F59003E742C /* icon@2x.png */,
				60903EC8154C886E003E742C /* key.txt */,
				6085F2BF1537797D00912BE4 /* lastpass.js */,
				60903BCD15472778003E742C /* login-background.png */,
				60903CBB154747B8003E742C /* login-background@2x.png */,
				60903BAE15471E76003E742C /* LoginViewController.xib */,
				8D1107310486CEB800E47090 /* LostPass-Info.plist */,
				28AD735F0D9D9599002E5188 /* MainWindow.xib */,
				28F335F01007B36200424DE2 /* RootViewController.xib */,
				603B2593155008E40016B0F6 /* star.png */,
				603B2594155008E40016B0F6 /* star@2x.png */,
				603B2581155005100016B0F6 /* unlock-background.png */,
				603B2582155005100016B0F6 /* unlock-background@2x.png */,
				603B255C154F28700016B0F6 /* UnlockViewController.xib */,
			);
			name = Resources;
			sourceTree = "<group>";
		};
		29B97323FDCFA39411CA2CEA /* Frameworks */ = {
			isa = PBXGroup;
			children = (
				603B263715501CB40016B0F6 /* AudioToolbox.framework */,
				2892E40F0DC94CBA00A64D0F /* CoreGraphics.framework */,
				1D30AB110D05D00D00671497 /* Foundation.framework */,
				6085ED6A1530E8BA00912BE4 /* libcrypto.a */,
				6085F19D1536401900912BE4 /* libcurl.a */,
				6085F1A21536403200912BE4 /* libssl.a */,
				6085F1A81536406400912BE4 /* libz.dylib */,
				1DF5F4DF0D08C38300B7A737 /* UIKit.framework */,
			);
			name = Frameworks;
			sourceTree = "<group>";
		};
		60903DE9154A1789003E742C /* LastPass */ = {
			isa = PBXGroup;
			children = (
				6085ECBB1530D3B800912BE4 /* LastPassParser.h */,
				6085ECBC1530D3B800912BE4 /* LastPassParser.cpp */,
			);
			name = LastPass;
			sourceTree = "<group>";
		};
/* End PBXGroup section */

/* Begin PBXNativeTarget section */
		1D6058900D05DD3D006BFB54 /* LostPass */ = {
			isa = PBXNativeTarget;
			buildConfigurationList = 1D6058960D05DD3E006BFB54 /* Build configuration list for PBXNativeTarget "LostPass" */;
			buildPhases = (
				1D60588D0D05DD3D006BFB54 /* Resources */,
				1D60588E0D05DD3D006BFB54 /* Sources */,
				1D60588F0D05DD3D006BFB54 /* Frameworks */,
			);
			buildRules = (
			);
			dependencies = (
			);
			name = LostPass;
			productName = LostPass;
			productReference = 1D6058910D05DD3D006BFB54 /* LostPass.app */;
			productType = "com.apple.product-type.application";
		};
/* End PBXNativeTarget section */

/* Begin PBXProject section */
		29B97313FDCFA39411CA2CEA /* Project object */ = {
			isa = PBXProject;
			buildConfigurationList = C01FCF4E08A954540054247B /* Build configuration list for PBXProject "LostPass" */;
			compatibilityVersion = "Xcode 3.1";
			developmentRegion = English;
			hasScannedForEncodings = 1;
			knownRegions = (
				English,
				Japanese,
				French,
				German,
				en,
			);
			mainGroup = 29B97314FDCFA39411CA2CEA /* CustomTemplate */;
			projectDirPath = "";
			projectRoot = "";
			targets = (
				1D6058900D05DD3D006BFB54 /* LostPass */,
			);
		};
/* End PBXProject section */

/* Begin PBXResourcesBuildPhase section */
		1D60588D0D05DD3D006BFB54 /* Resources */ = {
			isa = PBXResourcesBuildPhase;
			buildActionMask = 2147483647;
			files = (
				6085ECF11530D6DD00912BE4 /* account.dump in Resources */,
				6085EFA5153251A900912BE4 /* AccountViewController.xib in Resources */,
				6085EDDA153119EE00912BE4 /* credentials.txt in Resources */,
				28AD73600D9D9599002E5188 /* MainWindow.xib in Resources */,
				28F335F11007B36200424DE2 /* RootViewController.xib in Resources */,
				6085F2D615377D6200912BE4 /* lastpass.js in Resources */,
				60903BB015471E76003E742C /* LoginViewController.xib in Resources */,
				60903BCE15472778003E742C /* login-background.png in Resources */,
				60903CBC154747B8003E742C /* login-background@2x.png in Resources */,
				60903D1115475F59003E742C /* icon@2x.png in Resources */,
				60903D1315475F98003E742C /* icon.png in Resources */,
				60903EC9154C886E003E742C /* key.txt in Resources */,
				60903F96154D79A0003E742C /* copy.png in Resources */,
				60903F97154D79A0003E742C /* copy@2x.png in Resources */,
				603B255E154F28700016B0F6 /* UnlockViewController.xib in Resources */,
				603B2583155005100016B0F6 /* unlock-background.png in Resources */,
				603B2584155005100016B0F6 /* unlock-background@2x.png in Resources */,
				603B2595155008E40016B0F6 /* star.png in Resources */,
				603B2596155008E40016B0F6 /* star@2x.png in Resources */,
			);
			runOnlyForDeploymentPostprocessing = 0;
		};
/* End PBXResourcesBuildPhase section */

/* Begin PBXSourcesBuildPhase section */
		1D60588E0D05DD3D006BFB54 /* Sources */ = {
			isa = PBXSourcesBuildPhase;
			buildActionMask = 2147483647;
			files = (
				1D60589B0D05DD56006BFB54 /* main.mm in Sources */,
				1D3623260D0F684500981E51 /* LostPassAppDelegate.mm in Sources */,
				28C286E10D94DF7D0034E888 /* RootViewController.mm in Sources */,
				6085ECBD1530D3B800912BE4 /* LastPassParser.cpp in Sources */,
				6085EFA4153251A900912BE4 /* AccountViewController.mm in Sources */,
				6085F28D1537761F00912BE4 /* LastPassProxy.mm in Sources */,
				60903BAF15471E76003E742C /* LoginViewController.mm in Sources */,
				60903F40154D50C5003E742C /* Settings.mm in Sources */,
				603B255D154F28700016B0F6 /* UnlockViewController.mm in Sources */,
			);
			runOnlyForDeploymentPostprocessing = 0;
		};
/* End PBXSourcesBuildPhase section */

/* Begin XCBuildConfiguration section */
		1D6058940D05DD3E006BFB54 /* Debug */ = {
			isa = XCBuildConfiguration;
			buildSettings = {
				ALWAYS_SEARCH_USER_PATHS = NO;
				COPY_PHASE_STRIP = NO;
				GCC_DYNAMIC_NO_PIC = NO;
				GCC_OPTIMIZATION_LEVEL = 0;
				GCC_PRECOMPILE_PREFIX_HEADER = YES;
				GCC_PREFIX_HEADER = LostPass_Prefix.pch;
				INFOPLIST_FILE = "LostPass-Info.plist";
				LIBRARY_SEARCH_PATHS = (
					"$(inherited)",
					"\"$(SRCROOT)/cURL-SSL-for-iOS/OpenSSL\"",
					"\"$(SRCROOT)/cURL-SSL-for-iOS/cURL\"",
				);
				PRODUCT_NAME = LostPass;
			};
			name = Debug;
		};
		1D6058950D05DD3E006BFB54 /* Release */ = {
			isa = XCBuildConfiguration;
			buildSettings = {
				ALWAYS_SEARCH_USER_PATHS = NO;
				COPY_PHASE_STRIP = YES;
				GCC_PRECOMPILE_PREFIX_HEADER = YES;
				GCC_PREFIX_HEADER = LostPass_Prefix.pch;
				INFOPLIST_FILE = "LostPass-Info.plist";
				LIBRARY_SEARCH_PATHS = (
					"$(inherited)",
					"\"$(SRCROOT)/cURL-SSL-for-iOS/OpenSSL\"",
					"\"$(SRCROOT)/cURL-SSL-for-iOS/cURL\"",
				);
				PRODUCT_NAME = LostPass;
				VALIDATE_PRODUCT = YES;
			};
			name = Release;
		};
		C01FCF4F08A954540054247B /* Debug */ = {
			isa = XCBuildConfiguration;
			buildSettings = {
				ARCHS = "$(ARCHS_STANDARD_32_BIT)";
				"CODE_SIGN_IDENTITY[sdk=iphoneos*]" = "iPhone Developer";
				GCC_C_LANGUAGE_STANDARD = c99;
				GCC_WARN_ABOUT_RETURN_TYPE = YES;
				GCC_WARN_UNUSED_VARIABLE = YES;
				HEADER_SEARCH_PATHS = (
					"cURL-SSL-for-iOS/OpenSSL/include",
					"cURL-SSL-for-iOS/cURL/include",
				);
				PREBINDING = NO;
				SDKROOT = iphoneos;
			};
			name = Debug;
		};
		C01FCF5008A954540054247B /* Release */ = {
			isa = XCBuildConfiguration;
			buildSettings = {
				ARCHS = "$(ARCHS_STANDARD_32_BIT)";
				"CODE_SIGN_IDENTITY[sdk=iphoneos*]" = "iPhone Developer";
				GCC_C_LANGUAGE_STANDARD = c99;
				GCC_WARN_ABOUT_RETURN_TYPE = YES;
				GCC_WARN_UNUSED_VARIABLE = YES;
				HEADER_SEARCH_PATHS = (
					"cURL-SSL-for-iOS/OpenSSL/include",
					"cURL-SSL-for-iOS/cURL/include",
				);
				OTHER_CFLAGS = "-DNS_BLOCK_ASSERTIONS=1";
				PREBINDING = NO;
				SDKROOT = iphoneos;
			};
			name = Release;
		};
/* End XCBuildConfiguration section */

/* Begin XCConfigurationList section */
		1D6058960D05DD3E006BFB54 /* Build configuration list for PBXNativeTarget "LostPass" */ = {
			isa = XCConfigurationList;
			buildConfigurations = (
				1D6058940D05DD3E006BFB54 /* Debug */,
				1D6058950D05DD3E006BFB54 /* Release */,
			);
			defaultConfigurationIsVisible = 0;
			defaultConfigurationName = Release;
		};
		C01FCF4E08A954540054247B /* Build configuration list for PBXProject "LostPass" */ = {
			isa = XCConfigurationList;
			buildConfigurations = (
				C01FCF4F08A954540054247B /* Debug */,
				C01FCF5008A954540054247B /* Release */,
			);
			defaultConfigurationIsVisible = 0;
			defaultConfigurationName = Release;
		};
/* End XCConfigurationList section */
	};
	rootObject = 29B97313FDCFA39411CA2CEA /* Project object */;
}
